// !$*UTF8*$!
{
	archiveVersion = 1;
	classes = {
	};
	objectVersion = 56;
	objects = {

/* Begin PBXBuildFile section */
		32370AC52BF7938C00BEBB0C /* ProfileViewController.swift in Sources */ = {isa = PBXBuildFile; fileRef = 32370AC42BF7938C00BEBB0C /* ProfileViewController.swift */; };
		32370AC72BF8C58500BEBB0C /* SingleImageViewController.swift in Sources */ = {isa = PBXBuildFile; fileRef = 32370AC62BF8C58500BEBB0C /* SingleImageViewController.swift */; };
		3276056B2C0CA279003E241A /* Constants.swift in Sources */ = {isa = PBXBuildFile; fileRef = 3276056A2C0CA279003E241A /* Constants.swift */; };
		3276056E2C0F0C45003E241A /* AuthViewController.swift in Sources */ = {isa = PBXBuildFile; fileRef = 3276056D2C0F0C45003E241A /* AuthViewController.swift */; };
		327605702C0F1495003E241A /* WebViewViewController.swift in Sources */ = {isa = PBXBuildFile; fileRef = 3276056F2C0F1495003E241A /* WebViewViewController.swift */; };
		3288CB542BE4F5A8006B5BCC /* AppDelegate.swift in Sources */ = {isa = PBXBuildFile; fileRef = 3288CB532BE4F5A8006B5BCC /* AppDelegate.swift */; };
		3288CB562BE4F5A8006B5BCC /* SceneDelegate.swift in Sources */ = {isa = PBXBuildFile; fileRef = 3288CB552BE4F5A8006B5BCC /* SceneDelegate.swift */; };
		3288CB582BE4F5A8006B5BCC /* ImagesListViewController.swift in Sources */ = {isa = PBXBuildFile; fileRef = 3288CB572BE4F5A8006B5BCC /* ImagesListViewController.swift */; };
		3288CB5B2BE4F5A8006B5BCC /* Main.storyboard in Resources */ = {isa = PBXBuildFile; fileRef = 3288CB592BE4F5A8006B5BCC /* Main.storyboard */; };
		3288CB5D2BE4F5AC006B5BCC /* Assets.xcassets in Resources */ = {isa = PBXBuildFile; fileRef = 3288CB5C2BE4F5AC006B5BCC /* Assets.xcassets */; };
		3288CB602BE4F5AC006B5BCC /* LaunchScreen.storyboard in Resources */ = {isa = PBXBuildFile; fileRef = 3288CB5E2BE4F5AC006B5BCC /* LaunchScreen.storyboard */; };
		3288CB6B2BE4F5AC006B5BCC /* ImageFeedTests.swift in Sources */ = {isa = PBXBuildFile; fileRef = 3288CB6A2BE4F5AC006B5BCC /* ImageFeedTests.swift */; };
		3288CB752BE4F5AC006B5BCC /* ImageFeedUITests.swift in Sources */ = {isa = PBXBuildFile; fileRef = 3288CB742BE4F5AC006B5BCC /* ImageFeedUITests.swift */; };
		3288CB772BE4F5AC006B5BCC /* ImageFeedUITestsLaunchTests.swift in Sources */ = {isa = PBXBuildFile; fileRef = 3288CB762BE4F5AC006B5BCC /* ImageFeedUITestsLaunchTests.swift */; };
		3288CB842BF12A17006B5BCC /* ImagesListCell.swift in Sources */ = {isa = PBXBuildFile; fileRef = 3288CB832BF12A17006B5BCC /* ImagesListCell.swift */; };
		3288CB892BF3BA76006B5BCC /* SF-Pro.ttf in Resources */ = {isa = PBXBuildFile; fileRef = 3288CB882BF3BA76006B5BCC /* SF-Pro.ttf */; };
		32A67D602C14A6B200405408 /* OAuth2Service.swift in Sources */ = {isa = PBXBuildFile; fileRef = 32A67D5F2C14A6B200405408 /* OAuth2Service.swift */; };
		32A67D632C15DAD600405408 /* URLSession+data.swift in Sources */ = {isa = PBXBuildFile; fileRef = 32A67D622C15DAD600405408 /* URLSession+data.swift */; };
		32A67D652C19B83D00405408 /* SplashViewController.swift in Sources */ = {isa = PBXBuildFile; fileRef = 32A67D642C19B83D00405408 /* SplashViewController.swift */; };
		32A67D672C1C6AA900405408 /* WebViewViewControllerDelegateProtocol.swift in Sources */ = {isa = PBXBuildFile; fileRef = 32A67D662C1C6AA900405408 /* WebViewViewControllerDelegateProtocol.swift */; };
		32A67D6A2C1C6B0900405408 /* WebViewConstants.swift in Sources */ = {isa = PBXBuildFile; fileRef = 32A67D692C1C6B0900405408 /* WebViewConstants.swift */; };
		32A67D6C2C1C6B8D00405408 /* WebViewViewController+WKNavigationDelegate.swift in Sources */ = {isa = PBXBuildFile; fileRef = 32A67D6B2C1C6B8D00405408 /* WebViewViewController+WKNavigationDelegate.swift */; };
		32A67D6F2C1C6C8B00405408 /* AuthViewControllerDelegateProtocol.swift in Sources */ = {isa = PBXBuildFile; fileRef = 32A67D6E2C1C6C8B00405408 /* AuthViewControllerDelegateProtocol.swift */; };
		32A67D712C1C6CE600405408 /* AuthViewController+WebViewViewControllerDelegate.swift in Sources */ = {isa = PBXBuildFile; fileRef = 32A67D702C1C6CE600405408 /* AuthViewController+WebViewViewControllerDelegate.swift */; };
		32A67D742C1C6D6500405408 /* SplashViewController+AuthViewControllerDelegate.swift in Sources */ = {isa = PBXBuildFile; fileRef = 32A67D732C1C6D6500405408 /* SplashViewController+AuthViewControllerDelegate.swift */; };
		32A67D762C1C6E6000405408 /* OAuthTokenResponseBody.swift in Sources */ = {isa = PBXBuildFile; fileRef = 32A67D752C1C6E6000405408 /* OAuthTokenResponseBody.swift */; };
		32A67D782C1C6E9200405408 /* OAuth2TokenStorage.swift in Sources */ = {isa = PBXBuildFile; fileRef = 32A67D772C1C6E9200405408 /* OAuth2TokenStorage.swift */; };
		32A67D7B2C1CA5E600405408 /* ProgressHUD in Frameworks */ = {isa = PBXBuildFile; productRef = 32A67D7A2C1CA5E600405408 /* ProgressHUD */; };
		32A67D7D2C21B2FD00405408 /* UIBlockingProgressHUD.swift in Sources */ = {isa = PBXBuildFile; fileRef = 32A67D7C2C21B2FD00405408 /* UIBlockingProgressHUD.swift */; };
		32A67D7F2C23266800405408 /* ProfileService.swift in Sources */ = {isa = PBXBuildFile; fileRef = 32A67D7E2C23266800405408 /* ProfileService.swift */; };
		32A67D812C2326ED00405408 /* ProfileResultResponseBody.swift in Sources */ = {isa = PBXBuildFile; fileRef = 32A67D802C2326ED00405408 /* ProfileResultResponseBody.swift */; };
		32A67D832C232BDC00405408 /* ProfileBody.swift in Sources */ = {isa = PBXBuildFile; fileRef = 32A67D822C232BDC00405408 /* ProfileBody.swift */; };
		32A67D892C29A88200405408 /* ProfileImageService.swift in Sources */ = {isa = PBXBuildFile; fileRef = 32A67D882C29A88200405408 /* ProfileImageService.swift */; };
		32A67D8B2C29B6C400405408 /* ProfileImageResponseBody.swift in Sources */ = {isa = PBXBuildFile; fileRef = 32A67D8A2C29B6C400405408 /* ProfileImageResponseBody.swift */; };
		32A67D8D2C2AE22D00405408 /* URLSession+objectTask.swift in Sources */ = {isa = PBXBuildFile; fileRef = 32A67D8C2C2AE22D00405408 /* URLSession+objectTask.swift */; };
/* End PBXBuildFile section */

/* Begin PBXContainerItemProxy section */
		3288CB672BE4F5AC006B5BCC /* PBXContainerItemProxy */ = {
			isa = PBXContainerItemProxy;
			containerPortal = 3288CB482BE4F5A8006B5BCC /* Project object */;
			proxyType = 1;
			remoteGlobalIDString = 3288CB4F2BE4F5A8006B5BCC;
			remoteInfo = ImageFeed;
		};
		3288CB712BE4F5AC006B5BCC /* PBXContainerItemProxy */ = {
			isa = PBXContainerItemProxy;
			containerPortal = 3288CB482BE4F5A8006B5BCC /* Project object */;
			proxyType = 1;
			remoteGlobalIDString = 3288CB4F2BE4F5A8006B5BCC;
			remoteInfo = ImageFeed;
		};
/* End PBXContainerItemProxy section */

/* Begin PBXFileReference section */
		32370AC42BF7938C00BEBB0C /* ProfileViewController.swift */ = {isa = PBXFileReference; fileEncoding = 4; lastKnownFileType = sourcecode.swift; path = ProfileViewController.swift; sourceTree = "<group>"; };
		32370AC62BF8C58500BEBB0C /* SingleImageViewController.swift */ = {isa = PBXFileReference; lastKnownFileType = sourcecode.swift; path = SingleImageViewController.swift; sourceTree = "<group>"; };
		3276056A2C0CA279003E241A /* Constants.swift */ = {isa = PBXFileReference; lastKnownFileType = sourcecode.swift; path = Constants.swift; sourceTree = "<group>"; };
		3276056D2C0F0C45003E241A /* AuthViewController.swift */ = {isa = PBXFileReference; lastKnownFileType = sourcecode.swift; path = AuthViewController.swift; sourceTree = "<group>"; };
		3276056F2C0F1495003E241A /* WebViewViewController.swift */ = {isa = PBXFileReference; lastKnownFileType = sourcecode.swift; path = WebViewViewController.swift; sourceTree = "<group>"; };
		3288CB502BE4F5A8006B5BCC /* ImageFeed.app */ = {isa = PBXFileReference; explicitFileType = wrapper.application; includeInIndex = 0; path = ImageFeed.app; sourceTree = BUILT_PRODUCTS_DIR; };
		3288CB532BE4F5A8006B5BCC /* AppDelegate.swift */ = {isa = PBXFileReference; lastKnownFileType = sourcecode.swift; path = AppDelegate.swift; sourceTree = "<group>"; };
		3288CB552BE4F5A8006B5BCC /* SceneDelegate.swift */ = {isa = PBXFileReference; lastKnownFileType = sourcecode.swift; path = SceneDelegate.swift; sourceTree = "<group>"; };
		3288CB572BE4F5A8006B5BCC /* ImagesListViewController.swift */ = {isa = PBXFileReference; lastKnownFileType = sourcecode.swift; path = ImagesListViewController.swift; sourceTree = "<group>"; };
		3288CB5A2BE4F5A8006B5BCC /* Base */ = {isa = PBXFileReference; lastKnownFileType = file.storyboard; name = Base; path = Base.lproj/Main.storyboard; sourceTree = "<group>"; };
		3288CB5C2BE4F5AC006B5BCC /* Assets.xcassets */ = {isa = PBXFileReference; lastKnownFileType = folder.assetcatalog; path = Assets.xcassets; sourceTree = "<group>"; };
		3288CB5F2BE4F5AC006B5BCC /* Base */ = {isa = PBXFileReference; lastKnownFileType = file.storyboard; name = Base; path = Base.lproj/LaunchScreen.storyboard; sourceTree = "<group>"; };
		3288CB612BE4F5AC006B5BCC /* Info.plist */ = {isa = PBXFileReference; lastKnownFileType = text.plist.xml; path = Info.plist; sourceTree = "<group>"; };
		3288CB662BE4F5AC006B5BCC /* ImageFeedTests.xctest */ = {isa = PBXFileReference; explicitFileType = wrapper.cfbundle; includeInIndex = 0; path = ImageFeedTests.xctest; sourceTree = BUILT_PRODUCTS_DIR; };
		3288CB6A2BE4F5AC006B5BCC /* ImageFeedTests.swift */ = {isa = PBXFileReference; lastKnownFileType = sourcecode.swift; path = ImageFeedTests.swift; sourceTree = "<group>"; };
		3288CB702BE4F5AC006B5BCC /* ImageFeedUITests.xctest */ = {isa = PBXFileReference; explicitFileType = wrapper.cfbundle; includeInIndex = 0; path = ImageFeedUITests.xctest; sourceTree = BUILT_PRODUCTS_DIR; };
		3288CB742BE4F5AC006B5BCC /* ImageFeedUITests.swift */ = {isa = PBXFileReference; lastKnownFileType = sourcecode.swift; path = ImageFeedUITests.swift; sourceTree = "<group>"; };
		3288CB762BE4F5AC006B5BCC /* ImageFeedUITestsLaunchTests.swift */ = {isa = PBXFileReference; lastKnownFileType = sourcecode.swift; path = ImageFeedUITestsLaunchTests.swift; sourceTree = "<group>"; };
		3288CB832BF12A17006B5BCC /* ImagesListCell.swift */ = {isa = PBXFileReference; lastKnownFileType = sourcecode.swift; path = ImagesListCell.swift; sourceTree = "<group>"; };
		3288CB882BF3BA76006B5BCC /* SF-Pro.ttf */ = {isa = PBXFileReference; lastKnownFileType = file; path = "SF-Pro.ttf"; sourceTree = "<group>"; };
		32A67D5F2C14A6B200405408 /* OAuth2Service.swift */ = {isa = PBXFileReference; lastKnownFileType = sourcecode.swift; path = OAuth2Service.swift; sourceTree = "<group>"; };
		32A67D622C15DAD600405408 /* URLSession+data.swift */ = {isa = PBXFileReference; lastKnownFileType = sourcecode.swift; path = "URLSession+data.swift"; sourceTree = "<group>"; };
		32A67D642C19B83D00405408 /* SplashViewController.swift */ = {isa = PBXFileReference; lastKnownFileType = sourcecode.swift; path = SplashViewController.swift; sourceTree = "<group>"; };
		32A67D662C1C6AA900405408 /* WebViewViewControllerDelegateProtocol.swift */ = {isa = PBXFileReference; lastKnownFileType = sourcecode.swift; path = WebViewViewControllerDelegateProtocol.swift; sourceTree = "<group>"; };
		32A67D692C1C6B0900405408 /* WebViewConstants.swift */ = {isa = PBXFileReference; lastKnownFileType = sourcecode.swift; path = WebViewConstants.swift; sourceTree = "<group>"; };
		32A67D6B2C1C6B8D00405408 /* WebViewViewController+WKNavigationDelegate.swift */ = {isa = PBXFileReference; lastKnownFileType = sourcecode.swift; path = "WebViewViewController+WKNavigationDelegate.swift"; sourceTree = "<group>"; };
		32A67D6E2C1C6C8B00405408 /* AuthViewControllerDelegateProtocol.swift */ = {isa = PBXFileReference; lastKnownFileType = sourcecode.swift; path = AuthViewControllerDelegateProtocol.swift; sourceTree = "<group>"; };
		32A67D702C1C6CE600405408 /* AuthViewController+WebViewViewControllerDelegate.swift */ = {isa = PBXFileReference; lastKnownFileType = sourcecode.swift; path = "AuthViewController+WebViewViewControllerDelegate.swift"; sourceTree = "<group>"; };
		32A67D732C1C6D6500405408 /* SplashViewController+AuthViewControllerDelegate.swift */ = {isa = PBXFileReference; lastKnownFileType = sourcecode.swift; path = "SplashViewController+AuthViewControllerDelegate.swift"; sourceTree = "<group>"; };
		32A67D752C1C6E6000405408 /* OAuthTokenResponseBody.swift */ = {isa = PBXFileReference; lastKnownFileType = sourcecode.swift; path = OAuthTokenResponseBody.swift; sourceTree = "<group>"; };
		32A67D772C1C6E9200405408 /* OAuth2TokenStorage.swift */ = {isa = PBXFileReference; lastKnownFileType = sourcecode.swift; path = OAuth2TokenStorage.swift; sourceTree = "<group>"; };
		32A67D7C2C21B2FD00405408 /* UIBlockingProgressHUD.swift */ = {isa = PBXFileReference; lastKnownFileType = sourcecode.swift; path = UIBlockingProgressHUD.swift; sourceTree = "<group>"; };
		32A67D7E2C23266800405408 /* ProfileService.swift */ = {isa = PBXFileReference; lastKnownFileType = sourcecode.swift; path = ProfileService.swift; sourceTree = "<group>"; };
		32A67D802C2326ED00405408 /* ProfileResultResponseBody.swift */ = {isa = PBXFileReference; lastKnownFileType = sourcecode.swift; path = ProfileResultResponseBody.swift; sourceTree = "<group>"; };
		32A67D822C232BDC00405408 /* ProfileBody.swift */ = {isa = PBXFileReference; lastKnownFileType = sourcecode.swift; path = ProfileBody.swift; sourceTree = "<group>"; };
		32A67D882C29A88200405408 /* ProfileImageService.swift */ = {isa = PBXFileReference; lastKnownFileType = sourcecode.swift; path = ProfileImageService.swift; sourceTree = "<group>"; };
		32A67D8A2C29B6C400405408 /* ProfileImageResponseBody.swift */ = {isa = PBXFileReference; lastKnownFileType = sourcecode.swift; path = ProfileImageResponseBody.swift; sourceTree = "<group>"; };
		32A67D8C2C2AE22D00405408 /* URLSession+objectTask.swift */ = {isa = PBXFileReference; lastKnownFileType = sourcecode.swift; path = "URLSession+objectTask.swift"; sourceTree = "<group>"; };
/* End PBXFileReference section */

/* Begin PBXFrameworksBuildPhase section */
		3288CB4D2BE4F5A8006B5BCC /* Frameworks */ = {
			isa = PBXFrameworksBuildPhase;
			buildActionMask = 2147483647;
			files = (
				32A67D7B2C1CA5E600405408 /* ProgressHUD in Frameworks */,
			);
			runOnlyForDeploymentPostprocessing = 0;
		};
		3288CB632BE4F5AC006B5BCC /* Frameworks */ = {
			isa = PBXFrameworksBuildPhase;
			buildActionMask = 2147483647;
			files = (
			);
			runOnlyForDeploymentPostprocessing = 0;
		};
		3288CB6D2BE4F5AC006B5BCC /* Frameworks */ = {
			isa = PBXFrameworksBuildPhase;
			buildActionMask = 2147483647;
			files = (
			);
			runOnlyForDeploymentPostprocessing = 0;
		};
/* End PBXFrameworksBuildPhase section */

/* Begin PBXGroup section */
		3276056C2C0F0C26003E241A /* AuthScreen */ = {
			isa = PBXGroup;
			children = (
				32A67D722C1C6D4800405408 /* SplashView */,
				32A67D6D2C1C6C3800405408 /* AuthView */,
				32A67D682C1C6AC900405408 /* WebView */,
			);
			path = AuthScreen;
			sourceTree = "<group>";
		};
		3288CB472BE4F5A8006B5BCC = {
			isa = PBXGroup;
			children = (
				3288CB522BE4F5A8006B5BCC /* ImageFeed */,
				3288CB692BE4F5AC006B5BCC /* ImageFeedTests */,
				3288CB732BE4F5AC006B5BCC /* ImageFeedUITests */,
				3288CB512BE4F5A8006B5BCC /* Products */,
			);
			sourceTree = "<group>";
		};
		3288CB512BE4F5A8006B5BCC /* Products */ = {
			isa = PBXGroup;
			children = (
				3288CB502BE4F5A8006B5BCC /* ImageFeed.app */,
				3288CB662BE4F5AC006B5BCC /* ImageFeedTests.xctest */,
				3288CB702BE4F5AC006B5BCC /* ImageFeedUITests.xctest */,
			);
			name = Products;
			sourceTree = "<group>";
		};
		3288CB522BE4F5A8006B5BCC /* ImageFeed */ = {
			isa = PBXGroup;
			children = (
				32A67D612C15DABF00405408 /* Extensions */,
				32A67D5E2C14A67F00405408 /* Services */,
				3276056C2C0F0C26003E241A /* AuthScreen */,
				3288CB8E2BF78D49006B5BCC /* ProfileScreen */,
				3288CB862BF3B816006B5BCC /* Fonts */,
				3288CB852BF12A3B006B5BCC /* ImagesList */,
				3288CB532BE4F5A8006B5BCC /* AppDelegate.swift */,
				3288CB552BE4F5A8006B5BCC /* SceneDelegate.swift */,
				3288CB592BE4F5A8006B5BCC /* Main.storyboard */,
				3288CB5C2BE4F5AC006B5BCC /* Assets.xcassets */,
				3288CB5E2BE4F5AC006B5BCC /* LaunchScreen.storyboard */,
				3288CB612BE4F5AC006B5BCC /* Info.plist */,
				3276056A2C0CA279003E241A /* Constants.swift */,
			);
			path = ImageFeed;
			sourceTree = "<group>";
		};
		3288CB692BE4F5AC006B5BCC /* ImageFeedTests */ = {
			isa = PBXGroup;
			children = (
				3288CB6A2BE4F5AC006B5BCC /* ImageFeedTests.swift */,
			);
			path = ImageFeedTests;
			sourceTree = "<group>";
		};
		3288CB732BE4F5AC006B5BCC /* ImageFeedUITests */ = {
			isa = PBXGroup;
			children = (
				3288CB742BE4F5AC006B5BCC /* ImageFeedUITests.swift */,
				3288CB762BE4F5AC006B5BCC /* ImageFeedUITestsLaunchTests.swift */,
			);
			path = ImageFeedUITests;
			sourceTree = "<group>";
		};
		3288CB852BF12A3B006B5BCC /* ImagesList */ = {
			isa = PBXGroup;
			children = (
				3288CB572BE4F5A8006B5BCC /* ImagesListViewController.swift */,
				3288CB832BF12A17006B5BCC /* ImagesListCell.swift */,
				32370AC62BF8C58500BEBB0C /* SingleImageViewController.swift */,
			);
			path = ImagesList;
			sourceTree = "<group>";
		};
		3288CB862BF3B816006B5BCC /* Fonts */ = {
			isa = PBXGroup;
			children = (
				3288CB882BF3BA76006B5BCC /* SF-Pro.ttf */,
			);
			path = Fonts;
			sourceTree = "<group>";
		};
		3288CB8E2BF78D49006B5BCC /* ProfileScreen */ = {
			isa = PBXGroup;
			children = (
				32370AC42BF7938C00BEBB0C /* ProfileViewController.swift */,
			);
			path = ProfileScreen;
			sourceTree = "<group>";
		};
		32A67D5E2C14A67F00405408 /* Services */ = {
			isa = PBXGroup;
			children = (
				32A67D872C29A85F00405408 /* OAuthServices */,
				32A67D862C29A7F400405408 /* ProfileServices */,
				32A67D7C2C21B2FD00405408 /* UIBlockingProgressHUD.swift */,
			);
			path = Services;
			sourceTree = "<group>";
		};
		32A67D612C15DABF00405408 /* Extensions */ = {
			isa = PBXGroup;
			children = (
				32A67D622C15DAD600405408 /* URLSession+data.swift */,
				32A67D8C2C2AE22D00405408 /* URLSession+objectTask.swift */,
			);
			path = Extensions;
			sourceTree = "<group>";
		};
		32A67D682C1C6AC900405408 /* WebView */ = {
			isa = PBXGroup;
			children = (
				3276056F2C0F1495003E241A /* WebViewViewController.swift */,
				32A67D662C1C6AA900405408 /* WebViewViewControllerDelegateProtocol.swift */,
				32A67D692C1C6B0900405408 /* WebViewConstants.swift */,
				32A67D6B2C1C6B8D00405408 /* WebViewViewController+WKNavigationDelegate.swift */,
			);
			path = WebView;
			sourceTree = "<group>";
		};
		32A67D6D2C1C6C3800405408 /* AuthView */ = {
			isa = PBXGroup;
			children = (
				3276056D2C0F0C45003E241A /* AuthViewController.swift */,
				32A67D6E2C1C6C8B00405408 /* AuthViewControllerDelegateProtocol.swift */,
				32A67D702C1C6CE600405408 /* AuthViewController+WebViewViewControllerDelegate.swift */,
			);
			path = AuthView;
			sourceTree = "<group>";
		};
		32A67D722C1C6D4800405408 /* SplashView */ = {
			isa = PBXGroup;
			children = (
				32A67D642C19B83D00405408 /* SplashViewController.swift */,
				32A67D732C1C6D6500405408 /* SplashViewController+AuthViewControllerDelegate.swift */,
			);
			path = SplashView;
			sourceTree = "<group>";
		};
		32A67D862C29A7F400405408 /* ProfileServices */ = {
			isa = PBXGroup;
			children = (
				32A67D7E2C23266800405408 /* ProfileService.swift */,
				32A67D802C2326ED00405408 /* ProfileResultResponseBody.swift */,
				32A67D822C232BDC00405408 /* ProfileBody.swift */,
				32A67D882C29A88200405408 /* ProfileImageService.swift */,
				32A67D8A2C29B6C400405408 /* ProfileImageResponseBody.swift */,
			);
			path = ProfileServices;
			sourceTree = "<group>";
		};
		32A67D872C29A85F00405408 /* OAuthServices */ = {
			isa = PBXGroup;
			children = (
				32A67D5F2C14A6B200405408 /* OAuth2Service.swift */,
				32A67D752C1C6E6000405408 /* OAuthTokenResponseBody.swift */,
				32A67D772C1C6E9200405408 /* OAuth2TokenStorage.swift */,
			);
			path = OAuthServices;
			sourceTree = "<group>";
		};
/* End PBXGroup section */

/* Begin PBXNativeTarget section */
		3288CB4F2BE4F5A8006B5BCC /* ImageFeed */ = {
			isa = PBXNativeTarget;
			buildConfigurationList = 3288CB7A2BE4F5AC006B5BCC /* Build configuration list for PBXNativeTarget "ImageFeed" */;
			buildPhases = (
				3288CB4C2BE4F5A8006B5BCC /* Sources */,
				3288CB4D2BE4F5A8006B5BCC /* Frameworks */,
				3288CB4E2BE4F5A8006B5BCC /* Resources */,
				32B689642C04A6D0005E2BC6 /* ShellScript */,
			);
			buildRules = (
			);
			dependencies = (
			);
			name = ImageFeed;
			packageProductDependencies = (
				32A67D7A2C1CA5E600405408 /* ProgressHUD */,
			);
			productName = ImageFeed;
			productReference = 3288CB502BE4F5A8006B5BCC /* ImageFeed.app */;
			productType = "com.apple.product-type.application";
		};
		3288CB652BE4F5AC006B5BCC /* ImageFeedTests */ = {
			isa = PBXNativeTarget;
			buildConfigurationList = 3288CB7D2BE4F5AC006B5BCC /* Build configuration list for PBXNativeTarget "ImageFeedTests" */;
			buildPhases = (
				3288CB622BE4F5AC006B5BCC /* Sources */,
				3288CB632BE4F5AC006B5BCC /* Frameworks */,
				3288CB642BE4F5AC006B5BCC /* Resources */,
			);
			buildRules = (
			);
			dependencies = (
				3288CB682BE4F5AC006B5BCC /* PBXTargetDependency */,
			);
			name = ImageFeedTests;
			productName = ImageFeedTests;
			productReference = 3288CB662BE4F5AC006B5BCC /* ImageFeedTests.xctest */;
			productType = "com.apple.product-type.bundle.unit-test";
		};
		3288CB6F2BE4F5AC006B5BCC /* ImageFeedUITests */ = {
			isa = PBXNativeTarget;
			buildConfigurationList = 3288CB802BE4F5AC006B5BCC /* Build configuration list for PBXNativeTarget "ImageFeedUITests" */;
			buildPhases = (
				3288CB6C2BE4F5AC006B5BCC /* Sources */,
				3288CB6D2BE4F5AC006B5BCC /* Frameworks */,
				3288CB6E2BE4F5AC006B5BCC /* Resources */,
			);
			buildRules = (
			);
			dependencies = (
				3288CB722BE4F5AC006B5BCC /* PBXTargetDependency */,
			);
			name = ImageFeedUITests;
			productName = ImageFeedUITests;
			productReference = 3288CB702BE4F5AC006B5BCC /* ImageFeedUITests.xctest */;
			productType = "com.apple.product-type.bundle.ui-testing";
		};
/* End PBXNativeTarget section */

/* Begin PBXProject section */
		3288CB482BE4F5A8006B5BCC /* Project object */ = {
			isa = PBXProject;
			attributes = {
				BuildIndependentTargetsInParallel = 1;
				LastSwiftUpdateCheck = 1520;
				LastUpgradeCheck = 1520;
				TargetAttributes = {
					3288CB4F2BE4F5A8006B5BCC = {
						CreatedOnToolsVersion = 15.2;
					};
					3288CB652BE4F5AC006B5BCC = {
						CreatedOnToolsVersion = 15.2;
						TestTargetID = 3288CB4F2BE4F5A8006B5BCC;
					};
					3288CB6F2BE4F5AC006B5BCC = {
						CreatedOnToolsVersion = 15.2;
						TestTargetID = 3288CB4F2BE4F5A8006B5BCC;
					};
				};
			};
			buildConfigurationList = 3288CB4B2BE4F5A8006B5BCC /* Build configuration list for PBXProject "ImageFeed" */;
			compatibilityVersion = "Xcode 14.0";
			developmentRegion = en;
			hasScannedForEncodings = 0;
			knownRegions = (
				en,
				Base,
			);
			mainGroup = 3288CB472BE4F5A8006B5BCC;
			packageReferences = (
				32A67D792C1CA5E600405408 /* XCRemoteSwiftPackageReference "ProgressHUD" */,
			);
			productRefGroup = 3288CB512BE4F5A8006B5BCC /* Products */;
			projectDirPath = "";
			projectRoot = "";
			targets = (
				3288CB4F2BE4F5A8006B5BCC /* ImageFeed */,
				3288CB652BE4F5AC006B5BCC /* ImageFeedTests */,
				3288CB6F2BE4F5AC006B5BCC /* ImageFeedUITests */,
			);
		};
/* End PBXProject section */

/* Begin PBXResourcesBuildPhase section */
		3288CB4E2BE4F5A8006B5BCC /* Resources */ = {
			isa = PBXResourcesBuildPhase;
			buildActionMask = 2147483647;
			files = (
				3288CB602BE4F5AC006B5BCC /* LaunchScreen.storyboard in Resources */,
				3288CB5D2BE4F5AC006B5BCC /* Assets.xcassets in Resources */,
				3288CB5B2BE4F5A8006B5BCC /* Main.storyboard in Resources */,
				3288CB892BF3BA76006B5BCC /* SF-Pro.ttf in Resources */,
			);
			runOnlyForDeploymentPostprocessing = 0;
		};
		3288CB642BE4F5AC006B5BCC /* Resources */ = {
			isa = PBXResourcesBuildPhase;
			buildActionMask = 2147483647;
			files = (
			);
			runOnlyForDeploymentPostprocessing = 0;
		};
		3288CB6E2BE4F5AC006B5BCC /* Resources */ = {
			isa = PBXResourcesBuildPhase;
			buildActionMask = 2147483647;
			files = (
			);
			runOnlyForDeploymentPostprocessing = 0;
		};
/* End PBXResourcesBuildPhase section */

/* Begin PBXShellScriptBuildPhase section */
		32B689642C04A6D0005E2BC6 /* ShellScript */ = {
			isa = PBXShellScriptBuildPhase;
			buildActionMask = 2147483647;
			files = (
			);
			inputFileListPaths = (
			);
			inputPaths = (
			);
			outputFileListPaths = (
			);
			outputPaths = (
			);
			runOnlyForDeploymentPostprocessing = 0;
			shellPath = /bin/sh;
			shellScript = "if /opt/homebrew/bin/swiftlint >/dev/null; then\n    /opt/homebrew/bin/swiftlint\nelse\n  echo \"warning: SwiftLint not installed, download from https://github.com/realm/SwiftLint\"\nfi\n";
		};
/* End PBXShellScriptBuildPhase section */

/* Begin PBXSourcesBuildPhase section */
		3288CB4C2BE4F5A8006B5BCC /* Sources */ = {
			isa = PBXSourcesBuildPhase;
			buildActionMask = 2147483647;
			files = (
				32A67D672C1C6AA900405408 /* WebViewViewControllerDelegateProtocol.swift in Sources */,
				32A67D712C1C6CE600405408 /* AuthViewController+WebViewViewControllerDelegate.swift in Sources */,
				32A67D6F2C1C6C8B00405408 /* AuthViewControllerDelegateProtocol.swift in Sources */,
				3288CB582BE4F5A8006B5BCC /* ImagesListViewController.swift in Sources */,
				3288CB842BF12A17006B5BCC /* ImagesListCell.swift in Sources */,
				32370AC52BF7938C00BEBB0C /* ProfileViewController.swift in Sources */,
				32A67D812C2326ED00405408 /* ProfileResultResponseBody.swift in Sources */,
				32A67D892C29A88200405408 /* ProfileImageService.swift in Sources */,
				32A67D652C19B83D00405408 /* SplashViewController.swift in Sources */,
				32A67D742C1C6D6500405408 /* SplashViewController+AuthViewControllerDelegate.swift in Sources */,
				32A67D8D2C2AE22D00405408 /* URLSession+objectTask.swift in Sources */,
				32A67D6A2C1C6B0900405408 /* WebViewConstants.swift in Sources */,
				32A67D762C1C6E6000405408 /* OAuthTokenResponseBody.swift in Sources */,
				3288CB542BE4F5A8006B5BCC /* AppDelegate.swift in Sources */,
				3276056E2C0F0C45003E241A /* AuthViewController.swift in Sources */,
				32A67D782C1C6E9200405408 /* OAuth2TokenStorage.swift in Sources */,
				3276056B2C0CA279003E241A /* Constants.swift in Sources */,
				32A67D6C2C1C6B8D00405408 /* WebViewViewController+WKNavigationDelegate.swift in Sources */,
				32370AC72BF8C58500BEBB0C /* SingleImageViewController.swift in Sources */,
				32A67D632C15DAD600405408 /* URLSession+data.swift in Sources */,
				327605702C0F1495003E241A /* WebViewViewController.swift in Sources */,
				32A67D8B2C29B6C400405408 /* ProfileImageResponseBody.swift in Sources */,
				32A67D832C232BDC00405408 /* ProfileBody.swift in Sources */,
				32A67D602C14A6B200405408 /* OAuth2Service.swift in Sources */,
				3288CB562BE4F5A8006B5BCC /* SceneDelegate.swift in Sources */,
				32A67D7D2C21B2FD00405408 /* UIBlockingProgressHUD.swift in Sources */,
				32A67D7F2C23266800405408 /* ProfileService.swift in Sources */,
			);
			runOnlyForDeploymentPostprocessing = 0;
		};
		3288CB622BE4F5AC006B5BCC /* Sources */ = {
			isa = PBXSourcesBuildPhase;
			buildActionMask = 2147483647;
			files = (
				3288CB6B2BE4F5AC006B5BCC /* ImageFeedTests.swift in Sources */,
			);
			runOnlyForDeploymentPostprocessing = 0;
		};
		3288CB6C2BE4F5AC006B5BCC /* Sources */ = {
			isa = PBXSourcesBuildPhase;
			buildActionMask = 2147483647;
			files = (
				3288CB772BE4F5AC006B5BCC /* ImageFeedUITestsLaunchTests.swift in Sources */,
				3288CB752BE4F5AC006B5BCC /* ImageFeedUITests.swift in Sources */,
			);
			runOnlyForDeploymentPostprocessing = 0;
		};
/* End PBXSourcesBuildPhase section */

/* Begin PBXTargetDependency section */
		3288CB682BE4F5AC006B5BCC /* PBXTargetDependency */ = {
			isa = PBXTargetDependency;
			target = 3288CB4F2BE4F5A8006B5BCC /* ImageFeed */;
			targetProxy = 3288CB672BE4F5AC006B5BCC /* PBXContainerItemProxy */;
		};
		3288CB722BE4F5AC006B5BCC /* PBXTargetDependency */ = {
			isa = PBXTargetDependency;
			target = 3288CB4F2BE4F5A8006B5BCC /* ImageFeed */;
			targetProxy = 3288CB712BE4F5AC006B5BCC /* PBXContainerItemProxy */;
		};
/* End PBXTargetDependency section */

/* Begin PBXVariantGroup section */
		3288CB592BE4F5A8006B5BCC /* Main.storyboard */ = {
			isa = PBXVariantGroup;
			children = (
				3288CB5A2BE4F5A8006B5BCC /* Base */,
			);
			name = Main.storyboard;
			sourceTree = "<group>";
		};
		3288CB5E2BE4F5AC006B5BCC /* LaunchScreen.storyboard */ = {
			isa = PBXVariantGroup;
			children = (
				3288CB5F2BE4F5AC006B5BCC /* Base */,
			);
			name = LaunchScreen.storyboard;
			sourceTree = "<group>";
		};
/* End PBXVariantGroup section */

/* Begin XCBuildConfiguration section */
		3288CB782BE4F5AC006B5BCC /* Debug */ = {
			isa = XCBuildConfiguration;
			buildSettings = {
				ALWAYS_SEARCH_USER_PATHS = NO;
				ASSETCATALOG_COMPILER_GENERATE_SWIFT_ASSET_SYMBOL_EXTENSIONS = YES;
				CLANG_ANALYZER_NONNULL = YES;
				CLANG_ANALYZER_NUMBER_OBJECT_CONVERSION = YES_AGGRESSIVE;
				CLANG_CXX_LANGUAGE_STANDARD = "gnu++20";
				CLANG_ENABLE_MODULES = YES;
				CLANG_ENABLE_OBJC_ARC = YES;
				CLANG_ENABLE_OBJC_WEAK = YES;
				CLANG_WARN_BLOCK_CAPTURE_AUTORELEASING = YES;
				CLANG_WARN_BOOL_CONVERSION = YES;
				CLANG_WARN_COMMA = YES;
				CLANG_WARN_CONSTANT_CONVERSION = YES;
				CLANG_WARN_DEPRECATED_OBJC_IMPLEMENTATIONS = YES;
				CLANG_WARN_DIRECT_OBJC_ISA_USAGE = YES_ERROR;
				CLANG_WARN_DOCUMENTATION_COMMENTS = YES;
				CLANG_WARN_EMPTY_BODY = YES;
				CLANG_WARN_ENUM_CONVERSION = YES;
				CLANG_WARN_INFINITE_RECURSION = YES;
				CLANG_WARN_INT_CONVERSION = YES;
				CLANG_WARN_NON_LITERAL_NULL_CONVERSION = YES;
				CLANG_WARN_OBJC_IMPLICIT_RETAIN_SELF = YES;
				CLANG_WARN_OBJC_LITERAL_CONVERSION = YES;
				CLANG_WARN_OBJC_ROOT_CLASS = YES_ERROR;
				CLANG_WARN_QUOTED_INCLUDE_IN_FRAMEWORK_HEADER = YES;
				CLANG_WARN_RANGE_LOOP_ANALYSIS = YES;
				CLANG_WARN_STRICT_PROTOTYPES = YES;
				CLANG_WARN_SUSPICIOUS_MOVE = YES;
				CLANG_WARN_UNGUARDED_AVAILABILITY = YES_AGGRESSIVE;
				CLANG_WARN_UNREACHABLE_CODE = YES;
				CLANG_WARN__DUPLICATE_METHOD_MATCH = YES;
				COPY_PHASE_STRIP = NO;
				DEBUG_INFORMATION_FORMAT = dwarf;
				ENABLE_STRICT_OBJC_MSGSEND = YES;
				ENABLE_TESTABILITY = YES;
				ENABLE_USER_SCRIPT_SANDBOXING = YES;
				GCC_C_LANGUAGE_STANDARD = gnu17;
				GCC_DYNAMIC_NO_PIC = NO;
				GCC_NO_COMMON_BLOCKS = YES;
				GCC_OPTIMIZATION_LEVEL = 0;
				GCC_PREPROCESSOR_DEFINITIONS = (
					"DEBUG=1",
					"$(inherited)",
				);
				GCC_WARN_64_TO_32_BIT_CONVERSION = YES;
				GCC_WARN_ABOUT_RETURN_TYPE = YES_ERROR;
				GCC_WARN_UNDECLARED_SELECTOR = YES;
				GCC_WARN_UNINITIALIZED_AUTOS = YES_AGGRESSIVE;
				GCC_WARN_UNUSED_FUNCTION = YES;
				GCC_WARN_UNUSED_VARIABLE = YES;
				IPHONEOS_DEPLOYMENT_TARGET = 13.0;
				LOCALIZATION_PREFERS_STRING_CATALOGS = YES;
				MTL_ENABLE_DEBUG_INFO = INCLUDE_SOURCE;
				MTL_FAST_MATH = YES;
				ONLY_ACTIVE_ARCH = YES;
				SDKROOT = iphoneos;
				SWIFT_ACTIVE_COMPILATION_CONDITIONS = "DEBUG $(inherited)";
				SWIFT_OPTIMIZATION_LEVEL = "-Onone";
			};
			name = Debug;
		};
		3288CB792BE4F5AC006B5BCC /* Release */ = {
			isa = XCBuildConfiguration;
			buildSettings = {
				ALWAYS_SEARCH_USER_PATHS = NO;
				ASSETCATALOG_COMPILER_GENERATE_SWIFT_ASSET_SYMBOL_EXTENSIONS = YES;
				CLANG_ANALYZER_NONNULL = YES;
				CLANG_ANALYZER_NUMBER_OBJECT_CONVERSION = YES_AGGRESSIVE;
				CLANG_CXX_LANGUAGE_STANDARD = "gnu++20";
				CLANG_ENABLE_MODULES = YES;
				CLANG_ENABLE_OBJC_ARC = YES;
				CLANG_ENABLE_OBJC_WEAK = YES;
				CLANG_WARN_BLOCK_CAPTURE_AUTORELEASING = YES;
				CLANG_WARN_BOOL_CONVERSION = YES;
				CLANG_WARN_COMMA = YES;
				CLANG_WARN_CONSTANT_CONVERSION = YES;
				CLANG_WARN_DEPRECATED_OBJC_IMPLEMENTATIONS = YES;
				CLANG_WARN_DIRECT_OBJC_ISA_USAGE = YES_ERROR;
				CLANG_WARN_DOCUMENTATION_COMMENTS = YES;
				CLANG_WARN_EMPTY_BODY = YES;
				CLANG_WARN_ENUM_CONVERSION = YES;
				CLANG_WARN_INFINITE_RECURSION = YES;
				CLANG_WARN_INT_CONVERSION = YES;
				CLANG_WARN_NON_LITERAL_NULL_CONVERSION = YES;
				CLANG_WARN_OBJC_IMPLICIT_RETAIN_SELF = YES;
				CLANG_WARN_OBJC_LITERAL_CONVERSION = YES;
				CLANG_WARN_OBJC_ROOT_CLASS = YES_ERROR;
				CLANG_WARN_QUOTED_INCLUDE_IN_FRAMEWORK_HEADER = YES;
				CLANG_WARN_RANGE_LOOP_ANALYSIS = YES;
				CLANG_WARN_STRICT_PROTOTYPES = YES;
				CLANG_WARN_SUSPICIOUS_MOVE = YES;
				CLANG_WARN_UNGUARDED_AVAILABILITY = YES_AGGRESSIVE;
				CLANG_WARN_UNREACHABLE_CODE = YES;
				CLANG_WARN__DUPLICATE_METHOD_MATCH = YES;
				COPY_PHASE_STRIP = NO;
				DEBUG_INFORMATION_FORMAT = "dwarf-with-dsym";
				ENABLE_NS_ASSERTIONS = NO;
				ENABLE_STRICT_OBJC_MSGSEND = YES;
				ENABLE_USER_SCRIPT_SANDBOXING = YES;
				GCC_C_LANGUAGE_STANDARD = gnu17;
				GCC_NO_COMMON_BLOCKS = YES;
				GCC_WARN_64_TO_32_BIT_CONVERSION = YES;
				GCC_WARN_ABOUT_RETURN_TYPE = YES_ERROR;
				GCC_WARN_UNDECLARED_SELECTOR = YES;
				GCC_WARN_UNINITIALIZED_AUTOS = YES_AGGRESSIVE;
				GCC_WARN_UNUSED_FUNCTION = YES;
				GCC_WARN_UNUSED_VARIABLE = YES;
				IPHONEOS_DEPLOYMENT_TARGET = 13.0;
				LOCALIZATION_PREFERS_STRING_CATALOGS = YES;
				MTL_ENABLE_DEBUG_INFO = NO;
				MTL_FAST_MATH = YES;
				SDKROOT = iphoneos;
				SWIFT_COMPILATION_MODE = wholemodule;
				VALIDATE_PRODUCT = YES;
			};
			name = Release;
		};
		3288CB7B2BE4F5AC006B5BCC /* Debug */ = {
			isa = XCBuildConfiguration;
			buildSettings = {
				ASSETCATALOG_COMPILER_APPICON_NAME = AppIcon;
				ASSETCATALOG_COMPILER_GLOBAL_ACCENT_COLOR_NAME = AccentColor;
				CODE_SIGN_STYLE = Automatic;
				CURRENT_PROJECT_VERSION = 1;
				DEVELOPMENT_TEAM = 34FDFN93B8;
				GENERATE_INFOPLIST_FILE = YES;
				INFOPLIST_FILE = ImageFeed/Info.plist;
				INFOPLIST_KEY_UIApplicationSupportsIndirectInputEvents = YES;
				INFOPLIST_KEY_UILaunchStoryboardName = LaunchScreen;
				INFOPLIST_KEY_UIMainStoryboardFile = Main;
				INFOPLIST_KEY_UISupportedInterfaceOrientations = UIInterfaceOrientationPortrait;
				INFOPLIST_KEY_UISupportedInterfaceOrientations_iPad = "";
				IPHONEOS_DEPLOYMENT_TARGET = 13.0;
				LD_RUNPATH_SEARCH_PATHS = (
					"$(inherited)",
					"@executable_path/Frameworks",
				);
				MARKETING_VERSION = 1.0;
				PRODUCT_BUNDLE_IDENTIFIER = ru.yandex.practicum.ImageFeed;
				PRODUCT_NAME = "$(TARGET_NAME)";
				SUPPORTED_PLATFORMS = "iphoneos iphonesimulator";
				SUPPORTS_MACCATALYST = NO;
				SWIFT_EMIT_LOC_STRINGS = YES;
				SWIFT_VERSION = 5.0;
				TARGETED_DEVICE_FAMILY = 1;
			};
			name = Debug;
		};
		3288CB7C2BE4F5AC006B5BCC /* Release */ = {
			isa = XCBuildConfiguration;
			buildSettings = {
				ASSETCATALOG_COMPILER_APPICON_NAME = AppIcon;
				ASSETCATALOG_COMPILER_GLOBAL_ACCENT_COLOR_NAME = AccentColor;
				CODE_SIGN_STYLE = Automatic;
				CURRENT_PROJECT_VERSION = 1;
				DEVELOPMENT_TEAM = 34FDFN93B8;
				GENERATE_INFOPLIST_FILE = YES;
				INFOPLIST_FILE = ImageFeed/Info.plist;
				INFOPLIST_KEY_UIApplicationSupportsIndirectInputEvents = YES;
				INFOPLIST_KEY_UILaunchStoryboardName = LaunchScreen;
				INFOPLIST_KEY_UIMainStoryboardFile = Main;
				INFOPLIST_KEY_UISupportedInterfaceOrientations = UIInterfaceOrientationPortrait;
				INFOPLIST_KEY_UISupportedInterfaceOrientations_iPad = "";
				IPHONEOS_DEPLOYMENT_TARGET = 13.0;
				LD_RUNPATH_SEARCH_PATHS = (
					"$(inherited)",
					"@executable_path/Frameworks",
				);
				MARKETING_VERSION = 1.0;
				PRODUCT_BUNDLE_IDENTIFIER = ru.yandex.practicum.ImageFeed;
				PRODUCT_NAME = "$(TARGET_NAME)";
				SUPPORTED_PLATFORMS = "iphoneos iphonesimulator";
				SUPPORTS_MACCATALYST = NO;
				SWIFT_EMIT_LOC_STRINGS = YES;
				SWIFT_VERSION = 5.0;
				TARGETED_DEVICE_FAMILY = 1;
			};
			name = Release;
		};
		3288CB7E2BE4F5AC006B5BCC /* Debug */ = {
			isa = XCBuildConfiguration;
			buildSettings = {
				ALWAYS_EMBED_SWIFT_STANDARD_LIBRARIES = YES;
				BUNDLE_LOADER = "$(TEST_HOST)";
				CODE_SIGN_STYLE = Automatic;
				CURRENT_PROJECT_VERSION = 1;
				DEVELOPMENT_TEAM = 34FDFN93B8;
				GENERATE_INFOPLIST_FILE = YES;
				IPHONEOS_DEPLOYMENT_TARGET = 17.2;
				MARKETING_VERSION = 1.0;
				PRODUCT_BUNDLE_IDENTIFIER = ru.yandex.practicum.ImageFeedTests;
				PRODUCT_NAME = "$(TARGET_NAME)";
				SWIFT_EMIT_LOC_STRINGS = NO;
				SWIFT_VERSION = 5.0;
				TARGETED_DEVICE_FAMILY = "1,2";
				TEST_HOST = "$(BUILT_PRODUCTS_DIR)/ImageFeed.app/$(BUNDLE_EXECUTABLE_FOLDER_PATH)/ImageFeed";
			};
			name = Debug;
		};
		3288CB7F2BE4F5AC006B5BCC /* Release */ = {
			isa = XCBuildConfiguration;
			buildSettings = {
				ALWAYS_EMBED_SWIFT_STANDARD_LIBRARIES = YES;
				BUNDLE_LOADER = "$(TEST_HOST)";
				CODE_SIGN_STYLE = Automatic;
				CURRENT_PROJECT_VERSION = 1;
				DEVELOPMENT_TEAM = 34FDFN93B8;
				GENERATE_INFOPLIST_FILE = YES;
				IPHONEOS_DEPLOYMENT_TARGET = 17.2;
				MARKETING_VERSION = 1.0;
				PRODUCT_BUNDLE_IDENTIFIER = ru.yandex.practicum.ImageFeedTests;
				PRODUCT_NAME = "$(TARGET_NAME)";
				SWIFT_EMIT_LOC_STRINGS = NO;
				SWIFT_VERSION = 5.0;
				TARGETED_DEVICE_FAMILY = "1,2";
				TEST_HOST = "$(BUILT_PRODUCTS_DIR)/ImageFeed.app/$(BUNDLE_EXECUTABLE_FOLDER_PATH)/ImageFeed";
			};
			name = Release;
		};
		3288CB812BE4F5AC006B5BCC /* Debug */ = {
			isa = XCBuildConfiguration;
			buildSettings = {
				ALWAYS_EMBED_SWIFT_STANDARD_LIBRARIES = YES;
				CODE_SIGN_STYLE = Automatic;
				CURRENT_PROJECT_VERSION = 1;
				DEVELOPMENT_TEAM = 34FDFN93B8;
				GENERATE_INFOPLIST_FILE = YES;
				MARKETING_VERSION = 1.0;
				PRODUCT_BUNDLE_IDENTIFIER = ru.yandex.practicum.ImageFeedUITests;
				PRODUCT_NAME = "$(TARGET_NAME)";
				SWIFT_EMIT_LOC_STRINGS = NO;
				SWIFT_VERSION = 5.0;
				TARGETED_DEVICE_FAMILY = "1,2";
				TEST_TARGET_NAME = ImageFeed;
			};
			name = Debug;
		};
		3288CB822BE4F5AC006B5BCC /* Release */ = {
			isa = XCBuildConfiguration;
			buildSettings = {
				ALWAYS_EMBED_SWIFT_STANDARD_LIBRARIES = YES;
				CODE_SIGN_STYLE = Automatic;
				CURRENT_PROJECT_VERSION = 1;
				DEVELOPMENT_TEAM = 34FDFN93B8;
				GENERATE_INFOPLIST_FILE = YES;
				MARKETING_VERSION = 1.0;
				PRODUCT_BUNDLE_IDENTIFIER = ru.yandex.practicum.ImageFeedUITests;
				PRODUCT_NAME = "$(TARGET_NAME)";
				SWIFT_EMIT_LOC_STRINGS = NO;
				SWIFT_VERSION = 5.0;
				TARGETED_DEVICE_FAMILY = "1,2";
				TEST_TARGET_NAME = ImageFeed;
			};
			name = Release;
		};
/* End XCBuildConfiguration section */

/* Begin XCConfigurationList section */
		3288CB4B2BE4F5A8006B5BCC /* Build configuration list for PBXProject "ImageFeed" */ = {
			isa = XCConfigurationList;
			buildConfigurations = (
				3288CB782BE4F5AC006B5BCC /* Debug */,
				3288CB792BE4F5AC006B5BCC /* Release */,
			);
			defaultConfigurationIsVisible = 0;
			defaultConfigurationName = Release;
		};
		3288CB7A2BE4F5AC006B5BCC /* Build configuration list for PBXNativeTarget "ImageFeed" */ = {
			isa = XCConfigurationList;
			buildConfigurations = (
				3288CB7B2BE4F5AC006B5BCC /* Debug */,
				3288CB7C2BE4F5AC006B5BCC /* Release */,
			);
			defaultConfigurationIsVisible = 0;
			defaultConfigurationName = Release;
		};
		3288CB7D2BE4F5AC006B5BCC /* Build configuration list for PBXNativeTarget "ImageFeedTests" */ = {
			isa = XCConfigurationList;
			buildConfigurations = (
				3288CB7E2BE4F5AC006B5BCC /* Debug */,
				3288CB7F2BE4F5AC006B5BCC /* Release */,
			);
			defaultConfigurationIsVisible = 0;
			defaultConfigurationName = Release;
		};
		3288CB802BE4F5AC006B5BCC /* Build configuration list for PBXNativeTarget "ImageFeedUITests" */ = {
			isa = XCConfigurationList;
			buildConfigurations = (
				3288CB812BE4F5AC006B5BCC /* Debug */,
				3288CB822BE4F5AC006B5BCC /* Release */,
			);
			defaultConfigurationIsVisible = 0;
			defaultConfigurationName = Release;
		};
/* End XCConfigurationList section */

/* Begin XCRemoteSwiftPackageReference section */
		32A67D792C1CA5E600405408 /* XCRemoteSwiftPackageReference "ProgressHUD" */ = {
			isa = XCRemoteSwiftPackageReference;
			repositoryURL = "https://github.com/relatedcode/ProgressHUD";
			requirement = {
				kind = upToNextMajorVersion;
				minimumVersion = 14.1.3;
			};
		};
/* End XCRemoteSwiftPackageReference section */

/* Begin XCSwiftPackageProductDependency section */
		32A67D7A2C1CA5E600405408 /* ProgressHUD */ = {
			isa = XCSwiftPackageProductDependency;
			package = 32A67D792C1CA5E600405408 /* XCRemoteSwiftPackageReference "ProgressHUD" */;
			productName = ProgressHUD;
		};
/* End XCSwiftPackageProductDependency section */
	};
	rootObject = 3288CB482BE4F5A8006B5BCC /* Project object */;
}
